// !$*UTF8*$!
{
	archiveVersion = 1;
	classes = {
	};
	objectVersion = 50;
	objects = {

/* Begin PBXBuildFile section */
		D44D18A1267FB19B005FB689 /* AppDelegate.swift in Sources */ = {isa = PBXBuildFile; fileRef = D44D18A0267FB19B005FB689 /* AppDelegate.swift */; };
		D44D18A3267FB19B005FB689 /* SceneDelegate.swift in Sources */ = {isa = PBXBuildFile; fileRef = D44D18A2267FB19B005FB689 /* SceneDelegate.swift */; };
		D44D18A5267FB19B005FB689 /* ViewController.swift in Sources */ = {isa = PBXBuildFile; fileRef = D44D18A4267FB19B005FB689 /* ViewController.swift */; };
		D44D18A8267FB19B005FB689 /* Main.storyboard in Resources */ = {isa = PBXBuildFile; fileRef = D44D18A6267FB19B005FB689 /* Main.storyboard */; };
		D44D18AB267FB19B005FB689 /* Bintan_App.xcdatamodeld in Sources */ = {isa = PBXBuildFile; fileRef = D44D18A9267FB19B005FB689 /* Bintan_App.xcdatamodeld */; };
		D44D18AD267FB19C005FB689 /* Assets.xcassets in Resources */ = {isa = PBXBuildFile; fileRef = D44D18AC267FB19C005FB689 /* Assets.xcassets */; };
		D44D18B0267FB19C005FB689 /* LaunchScreen.storyboard in Resources */ = {isa = PBXBuildFile; fileRef = D44D18AE267FB19C005FB689 /* LaunchScreen.storyboard */; };
/* End PBXBuildFile section */

/* Begin PBXFileReference section */
		D44D189D267FB19B005FB689 /* Bintan-App.app */ = {isa = PBXFileReference; explicitFileType = wrapper.application; includeInIndex = 0; path = "Bintan-App.app"; sourceTree = BUILT_PRODUCTS_DIR; };
		D44D18A0267FB19B005FB689 /* AppDelegate.swift */ = {isa = PBXFileReference; lastKnownFileType = sourcecode.swift; path = AppDelegate.swift; sourceTree = "<group>"; };
		D44D18A2267FB19B005FB689 /* SceneDelegate.swift */ = {isa = PBXFileReference; lastKnownFileType = sourcecode.swift; path = SceneDelegate.swift; sourceTree = "<group>"; };
		D44D18A4267FB19B005FB689 /* ViewController.swift */ = {isa = PBXFileReference; lastKnownFileType = sourcecode.swift; path = ViewController.swift; sourceTree = "<group>"; };
		D44D18A7267FB19B005FB689 /* Base */ = {isa = PBXFileReference; lastKnownFileType = file.storyboard; name = Base; path = Base.lproj/Main.storyboard; sourceTree = "<group>"; };
		D44D18AA267FB19B005FB689 /* Bintan_App.xcdatamodel */ = {isa = PBXFileReference; lastKnownFileType = wrapper.xcdatamodel; path = Bintan_App.xcdatamodel; sourceTree = "<group>"; };
		D44D18AC267FB19C005FB689 /* Assets.xcassets */ = {isa = PBXFileReference; lastKnownFileType = folder.assetcatalog; path = Assets.xcassets; sourceTree = "<group>"; };
		D44D18AF267FB19C005FB689 /* Base */ = {isa = PBXFileReference; lastKnownFileType = file.storyboard; name = Base; path = Base.lproj/LaunchScreen.storyboard; sourceTree = "<group>"; };
		D44D18B1267FB19C005FB689 /* Info.plist */ = {isa = PBXFileReference; lastKnownFileType = text.plist.xml; path = Info.plist; sourceTree = "<group>"; };
/* End PBXFileReference section */

/* Begin PBXFrameworksBuildPhase section */
		D44D189A267FB19B005FB689 /* Frameworks */ = {
			isa = PBXFrameworksBuildPhase;
			buildActionMask = 2147483647;
			files = (
			);
			runOnlyForDeploymentPostprocessing = 0;
		};
/* End PBXFrameworksBuildPhase section */

/* Begin PBXGroup section */
		D44D1894267FB19A005FB689 = {
			isa = PBXGroup;
			children = (
				D44D189F267FB19B005FB689 /* Bintan-App */,
				D44D189E267FB19B005FB689 /* Products */,
			);
			sourceTree = "<group>";
		};
		D44D189E267FB19B005FB689 /* Products */ = {
			isa = PBXGroup;
			children = (
				D44D189D267FB19B005FB689 /* Bintan-App.app */,
			);
			name = Products;
			sourceTree = "<group>";
		};
		D44D189F267FB19B005FB689 /* Bintan-App */ = {
			isa = PBXGroup;
			children = (
				D44D18BC267FB22E005FB689 /* Storyboards */,
				D44D18BB267FB21F005FB689 /* Resources */,
				D44D18BA267FB21A005FB689 /* Extensions */,
				D44D18B9267FB214005FB689 /* Controllers */,
				D44D18B8267FB210005FB689 /* Models */,
				D44D18B7267FB20A005FB689 /* Views */,
				D44D18A0267FB19B005FB689 /* AppDelegate.swift */,
				D44D18A2267FB19B005FB689 /* SceneDelegate.swift */,
				D44D18A4267FB19B005FB689 /* ViewController.swift */,
				D44D18AC267FB19C005FB689 /* Assets.xcassets */,
				D44D18AE267FB19C005FB689 /* LaunchScreen.storyboard */,
				D44D18B1267FB19C005FB689 /* Info.plist */,
				D44D18A9267FB19B005FB689 /* Bintan_App.xcdatamodeld */,
			);
			path = "Bintan-App";
			sourceTree = "<group>";
		};
		D44D18B7267FB20A005FB689 /* Views */ = {
			isa = PBXGroup;
			children = (
			);
			name = Views;
			sourceTree = "<group>";
		};
		D44D18B8267FB210005FB689 /* Models */ = {
			isa = PBXGroup;
			children = (
			);
			name = Models;
			sourceTree = "<group>";
		};
		D44D18B9267FB214005FB689 /* Controllers */ = {
			isa = PBXGroup;
			children = (
			);
			name = Controllers;
			sourceTree = "<group>";
		};
		D44D18BA267FB21A005FB689 /* Extensions */ = {
			isa = PBXGroup;
			children = (
			);
			name = Extensions;
			sourceTree = "<group>";
		};
		D44D18BB267FB21F005FB689 /* Resources */ = {
			isa = PBXGroup;
			children = (
			);
			name = Resources;
			sourceTree = "<group>";
		};
		D44D18BC267FB22E005FB689 /* Storyboards */ = {
			isa = PBXGroup;
			children = (
				D44D18A6267FB19B005FB689 /* Main.storyboard */,
			);
			name = Storyboards;
			sourceTree = "<group>";
		};
/* End PBXGroup section */

/* Begin PBXNativeTarget section */
		D44D189C267FB19B005FB689 /* Bintan-App */ = {
			isa = PBXNativeTarget;
			buildConfigurationList = D44D18B4267FB19C005FB689 /* Build configuration list for PBXNativeTarget "Bintan-App" */;
			buildPhases = (
				D44D1899267FB19B005FB689 /* Sources */,
				D44D189A267FB19B005FB689 /* Frameworks */,
				D44D189B267FB19B005FB689 /* Resources */,
			);
			buildRules = (
			);
			dependencies = (
			);
			name = "Bintan-App";
			productName = "Bintan-App";
			productReference = D44D189D267FB19B005FB689 /* Bintan-App.app */;
			productType = "com.apple.product-type.application";
		};
/* End PBXNativeTarget section */

/* Begin PBXProject section */
		D44D1895267FB19A005FB689 /* Project object */ = {
			isa = PBXProject;
			attributes = {
				LastSwiftUpdateCheck = 1250;
				LastUpgradeCheck = 1250;
				TargetAttributes = {
					D44D189C267FB19B005FB689 = {
						CreatedOnToolsVersion = 12.5;
					};
				};
			};
			buildConfigurationList = D44D1898267FB19A005FB689 /* Build configuration list for PBXProject "Bintan-App" */;
			compatibilityVersion = "Xcode 9.3";
			developmentRegion = en;
			hasScannedForEncodings = 0;
			knownRegions = (
				en,
				Base,
			);
			mainGroup = D44D1894267FB19A005FB689;
			productRefGroup = D44D189E267FB19B005FB689 /* Products */;
			projectDirPath = "";
			projectRoot = "";
			targets = (
				D44D189C267FB19B005FB689 /* Bintan-App */,
			);
		};
/* End PBXProject section */

/* Begin PBXResourcesBuildPhase section */
		D44D189B267FB19B005FB689 /* Resources */ = {
			isa = PBXResourcesBuildPhase;
			buildActionMask = 2147483647;
			files = (
				D44D18B0267FB19C005FB689 /* LaunchScreen.storyboard in Resources */,
				D44D18AD267FB19C005FB689 /* Assets.xcassets in Resources */,
				D44D18A8267FB19B005FB689 /* Main.storyboard in Resources */,
			);
			runOnlyForDeploymentPostprocessing = 0;
		};
/* End PBXResourcesBuildPhase section */

/* Begin PBXSourcesBuildPhase section */
		D44D1899267FB19B005FB689 /* Sources */ = {
			isa = PBXSourcesBuildPhase;
			buildActionMask = 2147483647;
			files = (
				D44D18A5267FB19B005FB689 /* ViewController.swift in Sources */,
				D44D18A1267FB19B005FB689 /* AppDelegate.swift in Sources */,
				D44D18A3267FB19B005FB689 /* SceneDelegate.swift in Sources */,
				D44D18AB267FB19B005FB689 /* Bintan_App.xcdatamodeld in Sources */,
			);
			runOnlyForDeploymentPostprocessing = 0;
		};
/* End PBXSourcesBuildPhase section */

/* Begin PBXVariantGroup section */
		D44D18A6267FB19B005FB689 /* Main.storyboard */ = {
			isa = PBXVariantGroup;
			children = (
				D44D18A7267FB19B005FB689 /* Base */,
			);
			name = Main.storyboard;
			sourceTree = "<group>";
		};
		D44D18AE267FB19C005FB689 /* LaunchScreen.storyboard */ = {
			isa = PBXVariantGroup;
			children = (
				D44D18AF267FB19C005FB689 /* Base */,
			);
			name = LaunchScreen.storyboard;
			sourceTree = "<group>";
		};
/* End PBXVariantGroup section */

/* Begin XCBuildConfiguration section */
		D44D18B2267FB19C005FB689 /* Debug */ = {
			isa = XCBuildConfiguration;
			buildSettings = {
				ALWAYS_SEARCH_USER_PATHS = NO;
				CLANG_ANALYZER_NONNULL = YES;
				CLANG_ANALYZER_NUMBER_OBJECT_CONVERSION = YES_AGGRESSIVE;
				CLANG_CXX_LANGUAGE_STANDARD = "gnu++14";
				CLANG_CXX_LIBRARY = "libc++";
				CLANG_ENABLE_MODULES = YES;
				CLANG_ENABLE_OBJC_ARC = YES;
				CLANG_ENABLE_OBJC_WEAK = YES;
				CLANG_WARN_BLOCK_CAPTURE_AUTORELEASING = YES;
				CLANG_WARN_BOOL_CONVERSION = YES;
				CLANG_WARN_COMMA = YES;
				CLANG_WARN_CONSTANT_CONVERSION = YES;
				CLANG_WARN_DEPRECATED_OBJC_IMPLEMENTATIONS = YES;
				CLANG_WARN_DIRECT_OBJC_ISA_USAGE = YES_ERROR;
				CLANG_WARN_DOCUMENTATION_COMMENTS = YES;
				CLANG_WARN_EMPTY_BODY = YES;
				CLANG_WARN_ENUM_CONVERSION = YES;
				CLANG_WARN_INFINITE_RECURSION = YES;
				CLANG_WARN_INT_CONVERSION = YES;
				CLANG_WARN_NON_LITERAL_NULL_CONVERSION = YES;
				CLANG_WARN_OBJC_IMPLICIT_RETAIN_SELF = YES;
				CLANG_WARN_OBJC_LITERAL_CONVERSION = YES;
				CLANG_WARN_OBJC_ROOT_CLASS = YES_ERROR;
				CLANG_WARN_QUOTED_INCLUDE_IN_FRAMEWORK_HEADER = YES;
				CLANG_WARN_RANGE_LOOP_ANALYSIS = YES;
				CLANG_WARN_STRICT_PROTOTYPES = YES;
				CLANG_WARN_SUSPICIOUS_MOVE = YES;
				CLANG_WARN_UNGUARDED_AVAILABILITY = YES_AGGRESSIVE;
				CLANG_WARN_UNREACHABLE_CODE = YES;
				CLANG_WARN__DUPLICATE_METHOD_MATCH = YES;
				COPY_PHASE_STRIP = NO;
				DEBUG_INFORMATION_FORMAT = dwarf;
				ENABLE_STRICT_OBJC_MSGSEND = YES;
				ENABLE_TESTABILITY = YES;
				GCC_C_LANGUAGE_STANDARD = gnu11;
				GCC_DYNAMIC_NO_PIC = NO;
				GCC_NO_COMMON_BLOCKS = YES;
				GCC_OPTIMIZATION_LEVEL = 0;
				GCC_PREPROCESSOR_DEFINITIONS = (
					"DEBUG=1",
					"$(inherited)",
				);
				GCC_WARN_64_TO_32_BIT_CONVERSION = YES;
				GCC_WARN_ABOUT_RETURN_TYPE = YES_ERROR;
				GCC_WARN_UNDECLARED_SELECTOR = YES;
				GCC_WARN_UNINITIALIZED_AUTOS = YES_AGGRESSIVE;
				GCC_WARN_UNUSED_FUNCTION = YES;
				GCC_WARN_UNUSED_VARIABLE = YES;
				IPHONEOS_DEPLOYMENT_TARGET = 14.5;
				MTL_ENABLE_DEBUG_INFO = INCLUDE_SOURCE;
				MTL_FAST_MATH = YES;
				ONLY_ACTIVE_ARCH = YES;
				SDKROOT = iphoneos;
				SWIFT_ACTIVE_COMPILATION_CONDITIONS = DEBUG;
				SWIFT_OPTIMIZATION_LEVEL = "-Onone";
			};
			name = Debug;
		};
		D44D18B3267FB19C005FB689 /* Release */ = {
			isa = XCBuildConfiguration;
			buildSettings = {
				ALWAYS_SEARCH_USER_PATHS = NO;
				CLANG_ANALYZER_NONNULL = YES;
				CLANG_ANALYZER_NUMBER_OBJECT_CONVERSION = YES_AGGRESSIVE;
				CLANG_CXX_LANGUAGE_STANDARD = "gnu++14";
				CLANG_CXX_LIBRARY = "libc++";
				CLANG_ENABLE_MODULES = YES;
				CLANG_ENABLE_OBJC_ARC = YES;
				CLANG_ENABLE_OBJC_WEAK = YES;
				CLANG_WARN_BLOCK_CAPTURE_AUTORELEASING = YES;
				CLANG_WARN_BOOL_CONVERSION = YES;
				CLANG_WARN_COMMA = YES;
				CLANG_WARN_CONSTANT_CONVERSION = YES;
				CLANG_WARN_DEPRECATED_OBJC_IMPLEMENTATIONS = YES;
				CLANG_WARN_DIRECT_OBJC_ISA_USAGE = YES_ERROR;
				CLANG_WARN_DOCUMENTATION_COMMENTS = YES;
				CLANG_WARN_EMPTY_BODY = YES;
				CLANG_WARN_ENUM_CONVERSION = YES;
				CLANG_WARN_INFINITE_RECURSION = YES;
				CLANG_WARN_INT_CONVERSION = YES;
				CLANG_WARN_NON_LITERAL_NULL_CONVERSION = YES;
				CLANG_WARN_OBJC_IMPLICIT_RETAIN_SELF = YES;
				CLANG_WARN_OBJC_LITERAL_CONVERSION = YES;
				CLANG_WARN_OBJC_ROOT_CLASS = YES_ERROR;
				CLANG_WARN_QUOTED_INCLUDE_IN_FRAMEWORK_HEADER = YES;
				CLANG_WARN_RANGE_LOOP_ANALYSIS = YES;
				CLANG_WARN_STRICT_PROTOTYPES = YES;
				CLANG_WARN_SUSPICIOUS_MOVE = YES;
				CLANG_WARN_UNGUARDED_AVAILABILITY = YES_AGGRESSIVE;
				CLANG_WARN_UNREACHABLE_CODE = YES;
				CLANG_WARN__DUPLICATE_METHOD_MATCH = YES;
				COPY_PHASE_STRIP = NO;
				DEBUG_INFORMATION_FORMAT = "dwarf-with-dsym";
				ENABLE_NS_ASSERTIONS = NO;
				ENABLE_STRICT_OBJC_MSGSEND = YES;
				GCC_C_LANGUAGE_STANDARD = gnu11;
				GCC_NO_COMMON_BLOCKS = YES;
				GCC_WARN_64_TO_32_BIT_CONVERSION = YES;
				GCC_WARN_ABOUT_RETURN_TYPE = YES_ERROR;
				GCC_WARN_UNDECLARED_SELECTOR = YES;
				GCC_WARN_UNINITIALIZED_AUTOS = YES_AGGRESSIVE;
				GCC_WARN_UNUSED_FUNCTION = YES;
				GCC_WARN_UNUSED_VARIABLE = YES;
				IPHONEOS_DEPLOYMENT_TARGET = 14.5;
				MTL_ENABLE_DEBUG_INFO = NO;
				MTL_FAST_MATH = YES;
				SDKROOT = iphoneos;
				SWIFT_COMPILATION_MODE = wholemodule;
				SWIFT_OPTIMIZATION_LEVEL = "-O";
				VALIDATE_PRODUCT = YES;
			};
			name = Release;
		};
		D44D18B5267FB19C005FB689 /* Debug */ = {
			isa = XCBuildConfiguration;
			buildSettings = {
				ASSETCATALOG_COMPILER_APPICON_NAME = AppIcon;
				ASSETCATALOG_COMPILER_GLOBAL_ACCENT_COLOR_NAME = AccentColor;
				CODE_SIGN_STYLE = Automatic;
				DEVELOPMENT_TEAM = 869BSQC2PD;
				INFOPLIST_FILE = "Bintan-App/Info.plist";
				LD_RUNPATH_SEARCH_PATHS = (
					"$(inherited)",
					"@executable_path/Frameworks",
				);
				PRODUCT_BUNDLE_IDENTIFIER = "com.anggasaputra.apple.Bintan-App";
				PRODUCT_NAME = "$(TARGET_NAME)";
				SWIFT_VERSION = 5.0;
				TARGETED_DEVICE_FAMILY = 1;
			};
			name = Debug;
		};
		D44D18B6267FB19C005FB689 /* Release */ = {
			isa = XCBuildConfiguration;
			buildSettings = {
				ASSETCATALOG_COMPILER_APPICON_NAME = AppIcon;
				ASSETCATALOG_COMPILER_GLOBAL_ACCENT_COLOR_NAME = AccentColor;
				CODE_SIGN_STYLE = Automatic;
				DEVELOPMENT_TEAM = 869BSQC2PD;
				INFOPLIST_FILE = "Bintan-App/Info.plist";
				LD_RUNPATH_SEARCH_PATHS = (
					"$(inherited)",
					"@executable_path/Frameworks",
				);
				PRODUCT_BUNDLE_IDENTIFIER = "com.anggasaputra.apple.Bintan-App";
				PRODUCT_NAME = "$(TARGET_NAME)";
				SWIFT_VERSION = 5.0;
				TARGETED_DEVICE_FAMILY = 1;
			};
			name = Release;
		};
/* End XCBuildConfiguration section */

/* Begin XCConfigurationList section */
		D44D1898267FB19A005FB689 /* Build configuration list for PBXProject "Bintan-App" */ = {
			isa = XCConfigurationList;
			buildConfigurations = (
				D44D18B2267FB19C005FB689 /* Debug */,
				D44D18B3267FB19C005FB689 /* Release */,
			);
			defaultConfigurationIsVisible = 0;
			defaultConfigurationName = Release;
		};
		D44D18B4267FB19C005FB689 /* Build configuration list for PBXNativeTarget "Bintan-App" */ = {
			isa = XCConfigurationList;
			buildConfigurations = (
				D44D18B5267FB19C005FB689 /* Debug */,
				D44D18B6267FB19C005FB689 /* Release */,
			);
			defaultConfigurationIsVisible = 0;
			defaultConfigurationName = Release;
		};
/* End XCConfigurationList section */

/* Begin XCVersionGroup section */
		D44D18A9267FB19B005FB689 /* Bintan_App.xcdatamodeld */ = {
			isa = XCVersionGroup;
			children = (
				D44D18AA267FB19B005FB689 /* Bintan_App.xcdatamodel */,
			);
			currentVersion = D44D18AA267FB19B005FB689 /* Bintan_App.xcdatamodel */;
			path = Bintan_App.xcdatamodeld;
			sourceTree = "<group>";
			versionGroupType = wrapper.xcdatamodel;
		};
/* End XCVersionGroup section */
	};
	rootObject = D44D1895267FB19A005FB689 /* Project object */;
}
